
Microsoft Visual Studio Solution File, Format Version 12.00
# Visual Studio 2012
Project("{FAE04EC0-301F-11D3-BF4B-00C04F79EFBC}") = "EventStore.Domain", "EventStore.Domain\EventStore.Domain.csproj", "{624453E0-F3A8-4A02-A05E-1DE54214F7E2}"
	ProjectSection(ProjectDependencies) = postProject
		{06AAFBFE-0671-4C95-B01E-C92B80ABA439} = {06AAFBFE-0671-4C95-B01E-C92B80ABA439}
	EndProjectSection
EndProject
Project("{FAE04EC0-301F-11D3-BF4B-00C04F79EFBC}") = "EventStore.Messages", "EventStore.Messages\EventStore.Messages.csproj", "{03904C6C-B092-4CE7-90DA-9526F3A01890}"
EndProject
Project("{FAE04EC0-301F-11D3-BF4B-00C04F79EFBC}") = "EventStore.Commands", "EventStore.Commands\EventStore.Commands.csproj", "{F5D83841-9884-4D15-8EEC-35554BFA471A}"
	ProjectSection(ProjectDependencies) = postProject
		{06AAFBFE-0671-4C95-B01E-C92B80ABA439} = {06AAFBFE-0671-4C95-B01E-C92B80ABA439}
	EndProjectSection
EndProject
Project("{FAE04EC0-301F-11D3-BF4B-00C04F79EFBC}") = "EventStore.Web", "EventStore.Web\EventStore.Web.csproj", "{29C3810D-9879-4943-907A-06B70A132D62}"
	ProjectSection(ProjectDependencies) = postProject
		{06AAFBFE-0671-4C95-B01E-C92B80ABA439} = {06AAFBFE-0671-4C95-B01E-C92B80ABA439}
	EndProjectSection
EndProject
Project("{FAE04EC0-301F-11D3-BF4B-00C04F79EFBC}") = "EventStore.ReadModel", "EventStore.ReadModel\EventStore.ReadModel.csproj", "{6EAE0058-BE1F-47E1-9F08-2E6E5F146027}"
EndProject
Project("{FAE04EC0-301F-11D3-BF4B-00C04F79EFBC}") = "EventStore.Infrastructure", "EventStore.Infrastructure\EventStore.Infrastructure.csproj", "{846F8B52-826A-47B8-A990-ABC41A0C916E}"
EndProject
Project("{2150E333-8FDC-42A3-9474-1A3956D46DE8}") = ".nuget", ".nuget", "{968E3BC6-EBE7-4E6B-8D41-A6114E510BC3}"
	ProjectSection(SolutionItems) = preProject
		.nuget\NuGet.Config = .nuget\NuGet.Config
		.nuget\NuGet.exe = .nuget\NuGet.exe
		.nuget\NuGet.targets = .nuget\NuGet.targets
	EndProjectSection
EndProject
Project("{FAE04EC0-301F-11D3-BF4B-00C04F79EFBC}") = "EventStore.Domain.Tests", "EventStore.Domain.Test\EventStore.Domain.Tests.csproj", "{98E903FB-F377-4739-BF65-6EB804437D27}"
	ProjectSection(ProjectDependencies) = postProject
		{06AAFBFE-0671-4C95-B01E-C92B80ABA439} = {06AAFBFE-0671-4C95-B01E-C92B80ABA439}
	EndProjectSection
EndProject
Project("{FAE04EC0-301F-11D3-BF4B-00C04F79EFBC}") = "EventStore.Domain.Core", "EventStoreDomain.Core\EventStore.Domain.Core.csproj", "{06AAFBFE-0671-4C95-B01E-C92B80ABA439}"
EndProject
Project("{2150E333-8FDC-42A3-9474-1A3956D46DE8}") = "Tests", "Tests", "{AC7DD3CE-DCBC-4801-A4DF-D3E345F626BD}"
EndProject
Project("{2150E333-8FDC-42A3-9474-1A3956D46DE8}") = "Domain", "Domain", "{3954D219-C764-46C3-980D-536BD19CDC26}"
EndProject
Project("{2150E333-8FDC-42A3-9474-1A3956D46DE8}") = "Infrastructure", "Infrastructure", "{FF2500BF-5A11-41C6-A87F-4338F4FC1332}"
EndProject
Project("{2150E333-8FDC-42A3-9474-1A3956D46DE8}") = "Presentation", "Presentation", "{C0BB1B8F-86B1-4622-BC8B-BA9268547D89}"
EndProject
Project("{FAE04EC0-301F-11D3-BF4B-00C04F79EFBC}") = "EventStore.Infrastructure.Tests", "EventStore.Infrastructure.Tests\EventStore.Infrastructure.Tests.csproj", "{1AAB087D-2877-40D8-AC01-8155DFA96477}"
EndProject
Project("{FAE04EC0-301F-11D3-BF4B-00C04F79EFBC}") = "EventStore.Tests.Arrange", "EventStore.Tests.Arrange\EventStore.Tests.Arrange.csproj", "{E9723395-8CBD-4844-9B7F-E6B824928A88}"
EndProject
Global
	GlobalSection(SolutionConfigurationPlatforms) = preSolution
		Debug|Any CPU = Debug|Any CPU
		Release|Any CPU = Release|Any CPU
	EndGlobalSection
	GlobalSection(ProjectConfigurationPlatforms) = postSolution
		{624453E0-F3A8-4A02-A05E-1DE54214F7E2}.Debug|Any CPU.ActiveCfg = Debug|Any CPU
		{624453E0-F3A8-4A02-A05E-1DE54214F7E2}.Debug|Any CPU.Build.0 = Debug|Any CPU
		{624453E0-F3A8-4A02-A05E-1DE54214F7E2}.Release|Any CPU.ActiveCfg = Release|Any CPU
		{624453E0-F3A8-4A02-A05E-1DE54214F7E2}.Release|Any CPU.Build.0 = Release|Any CPU
		{03904C6C-B092-4CE7-90DA-9526F3A01890}.Debug|Any CPU.ActiveCfg = Debug|Any CPU
		{03904C6C-B092-4CE7-90DA-9526F3A01890}.Debug|Any CPU.Build.0 = Debug|Any CPU
		{03904C6C-B092-4CE7-90DA-9526F3A01890}.Release|Any CPU.ActiveCfg = Release|Any CPU
		{03904C6C-B092-4CE7-90DA-9526F3A01890}.Release|Any CPU.Build.0 = Release|Any CPU
		{F5D83841-9884-4D15-8EEC-35554BFA471A}.Debug|Any CPU.ActiveCfg = Debug|Any CPU
		{F5D83841-9884-4D15-8EEC-35554BFA471A}.Debug|Any CPU.Build.0 = Debug|Any CPU
		{F5D83841-9884-4D15-8EEC-35554BFA471A}.Release|Any CPU.ActiveCfg = Release|Any CPU
		{F5D83841-9884-4D15-8EEC-35554BFA471A}.Release|Any CPU.Build.0 = Release|Any CPU
		{29C3810D-9879-4943-907A-06B70A132D62}.Debug|Any CPU.ActiveCfg = Debug|Any CPU
		{29C3810D-9879-4943-907A-06B70A132D62}.Debug|Any CPU.Build.0 = Debug|Any CPU
		{29C3810D-9879-4943-907A-06B70A132D62}.Release|Any CPU.ActiveCfg = Release|Any CPU
		{29C3810D-9879-4943-907A-06B70A132D62}.Release|Any CPU.Build.0 = Release|Any CPU
		{6EAE0058-BE1F-47E1-9F08-2E6E5F146027}.Debug|Any CPU.ActiveCfg = Debug|Any CPU
		{6EAE0058-BE1F-47E1-9F08-2E6E5F146027}.Debug|Any CPU.Build.0 = Debug|Any CPU
		{6EAE0058-BE1F-47E1-9F08-2E6E5F146027}.Release|Any CPU.ActiveCfg = Release|Any CPU
		{6EAE0058-BE1F-47E1-9F08-2E6E5F146027}.Release|Any CPU.Build.0 = Release|Any CPU
		{846F8B52-826A-47B8-A990-ABC41A0C916E}.Debug|Any CPU.ActiveCfg = Debug|Any CPU
		{846F8B52-826A-47B8-A990-ABC41A0C916E}.Debug|Any CPU.Build.0 = Debug|Any CPU
		{846F8B52-826A-47B8-A990-ABC41A0C916E}.Release|Any CPU.ActiveCfg = Release|Any CPU
		{846F8B52-826A-47B8-A990-ABC41A0C916E}.Release|Any CPU.Build.0 = Release|Any CPU
		{98E903FB-F377-4739-BF65-6EB804437D27}.Debug|Any CPU.ActiveCfg = Debug|Any CPU
		{98E903FB-F377-4739-BF65-6EB804437D27}.Debug|Any CPU.Build.0 = Debug|Any CPU
		{98E903FB-F377-4739-BF65-6EB804437D27}.Release|Any CPU.ActiveCfg = Release|Any CPU
		{98E903FB-F377-4739-BF65-6EB804437D27}.Release|Any CPU.Build.0 = Release|Any CPU
		{06AAFBFE-0671-4C95-B01E-C92B80ABA439}.Debug|Any CPU.ActiveCfg = Debug|Any CPU
		{06AAFBFE-0671-4C95-B01E-C92B80ABA439}.Debug|Any CPU.Build.0 = Debug|Any CPU
		{06AAFBFE-0671-4C95-B01E-C92B80ABA439}.Release|Any CPU.ActiveCfg = Release|Any CPU
		{06AAFBFE-0671-4C95-B01E-C92B80ABA439}.Release|Any CPU.Build.0 = Release|Any CPU
		{1AAB087D-2877-40D8-AC01-8155DFA96477}.Debug|Any CPU.ActiveCfg = Debug|Any CPU
		{1AAB087D-2877-40D8-AC01-8155DFA96477}.Debug|Any CPU.Build.0 = Debug|Any CPU
		{1AAB087D-2877-40D8-AC01-8155DFA96477}.Release|Any CPU.ActiveCfg = Release|Any CPU
		{1AAB087D-2877-40D8-AC01-8155DFA96477}.Release|Any CPU.Build.0 = Release|Any CPU
		{E9723395-8CBD-4844-9B7F-E6B824928A88}.Debug|Any CPU.ActiveCfg = Debug|Any CPU
		{E9723395-8CBD-4844-9B7F-E6B824928A88}.Debug|Any CPU.Build.0 = Debug|Any CPU
		{E9723395-8CBD-4844-9B7F-E6B824928A88}.Release|Any CPU.ActiveCfg = Release|Any CPU
		{E9723395-8CBD-4844-9B7F-E6B824928A88}.Release|Any CPU.Build.0 = Release|Any CPU
	EndGlobalSection
	GlobalSection(SolutionProperties) = preSolution
		HideSolutionNode = FALSE
	EndGlobalSection
	GlobalSection(NestedProjects) = preSolution
		{98E903FB-F377-4739-BF65-6EB804437D27} = {AC7DD3CE-DCBC-4801-A4DF-D3E345F626BD}
		{1AAB087D-2877-40D8-AC01-8155DFA96477} = {AC7DD3CE-DCBC-4801-A4DF-D3E345F626BD}
		{E9723395-8CBD-4844-9B7F-E6B824928A88} = {AC7DD3CE-DCBC-4801-A4DF-D3E345F626BD}
		{F5D83841-9884-4D15-8EEC-35554BFA471A} = {3954D219-C764-46C3-980D-536BD19CDC26}
		{624453E0-F3A8-4A02-A05E-1DE54214F7E2} = {3954D219-C764-46C3-980D-536BD19CDC26}
		{06AAFBFE-0671-4C95-B01E-C92B80ABA439} = {3954D219-C764-46C3-980D-536BD19CDC26}
		{03904C6C-B092-4CE7-90DA-9526F3A01890} = {3954D219-C764-46C3-980D-536BD19CDC26}
		{6EAE0058-BE1F-47E1-9F08-2E6E5F146027} = {3954D219-C764-46C3-980D-536BD19CDC26}
		{846F8B52-826A-47B8-A990-ABC41A0C916E} = {FF2500BF-5A11-41C6-A87F-4338F4FC1332}
		{29C3810D-9879-4943-907A-06B70A132D62} = {C0BB1B8F-86B1-4622-BC8B-BA9268547D89}
	EndGlobalSection
EndGlobal
